
Microsoft Visual Studio Solution File, Format Version 12.00
# Visual Studio Version 17
VisualStudioVersion = 17.11.35312.102
MinimumVisualStudioVersion = 10.0.40219.1
Project("{FAE04EC0-301F-11D3-BF4B-00C04F79EFBC}") = "Crime Analysis and Reporting System", "Crime Analysis and Reporting System\Crime Analysis and Reporting System.csproj", "{4ECF0FBC-3FE5-464F-B96E-D9CB8AC390FF}"
EndProject
Global
	GlobalSection(SolutionConfigurationPlatforms) = preSolution
		Debug|Any CPU = Debug|Any CPU
		Release|Any CPU = Release|Any CPU
	EndGlobalSection
	GlobalSection(ProjectConfigurationPlatforms) = postSolution
		{4ECF0FBC-3FE5-464F-B96E-D9CB8AC390FF}.Debug|Any CPU.ActiveCfg = Debug|Any CPU
		{4ECF0FBC-3FE5-464F-B96E-D9CB8AC390FF}.Debug|Any CPU.Build.0 = Debug|Any CPU
		{4ECF0FBC-3FE5-464F-B96E-D9CB8AC390FF}.Release|Any CPU.ActiveCfg = Release|Any CPU
		{4ECF0FBC-3FE5-464F-B96E-D9CB8AC390FF}.Release|Any CPU.Build.0 = Release|Any CPU
	EndGlobalSection
	GlobalSection(SolutionProperties) = preSolution
		HideSolutionNode = FALSE
	EndGlobalSection
	GlobalSection(ExtensibilityGlobals) = postSolution
		SolutionGuid = {E741ED03-8523-46F3-A1C6-D52ACFB10FDC}
	EndGlobalSection
EndGlobal
